
Microsoft Visual Studio Solution File, Format Version 12.00
# Visual Studio Version 16
VisualStudioVersion = 16.0.30225.117
MinimumVisualStudioVersion = 10.0.40219.1
Project("{2150E333-8FDC-42A3-9474-1A3956D46DE8}") = "Docs", "Docs", "{FF675364-6A3C-4B7A-8E16-80918051C4DA}"
EndProject
Project("{2150E333-8FDC-42A3-9474-1A3956D46DE8}") = "Src", "Src", "{E4B79767-2044-4D35-889D-8FE8D4BD1791}"
EndProject
Project("{9A19103F-16F7-4668-BE54-9A1E7A4F7556}") = "EmailDeliveryService", "Src\EmailDeliveryService\EmailDeliveryService.csproj", "{2F94F1C3-8F7B-4B0B-B9B2-4822E085886B}"
EndProject
Global
	GlobalSection(SolutionConfigurationPlatforms) = preSolution
		Debug|Any CPU = Debug|Any CPU
		Release|Any CPU = Release|Any CPU
	EndGlobalSection
	GlobalSection(ProjectConfigurationPlatforms) = postSolution
		{2F94F1C3-8F7B-4B0B-B9B2-4822E085886B}.Debug|Any CPU.ActiveCfg = Debug|Any CPU
		{2F94F1C3-8F7B-4B0B-B9B2-4822E085886B}.Debug|Any CPU.Build.0 = Debug|Any CPU
		{2F94F1C3-8F7B-4B0B-B9B2-4822E085886B}.Release|Any CPU.ActiveCfg = Release|Any CPU
		{2F94F1C3-8F7B-4B0B-B9B2-4822E085886B}.Release|Any CPU.Build.0 = Release|Any CPU
	EndGlobalSection
	GlobalSection(SolutionProperties) = preSolution
		HideSolutionNode = FALSE
	EndGlobalSection
	GlobalSection(NestedProjects) = preSolution
		{2F94F1C3-8F7B-4B0B-B9B2-4822E085886B} = {E4B79767-2044-4D35-889D-8FE8D4BD1791}
	EndGlobalSection
	GlobalSection(ExtensibilityGlobals) = postSolution
		SolutionGuid = {8D903CA4-93C0-4370-828E-3C59E5AC2D1F}
	EndGlobalSection
EndGlobal
